// !$*UTF8*$!
{
	archiveVersion = 1;
	classes = {
	};
	objectVersion = 56;
	objects = {

/* Begin PBXBuildFile section */
		9E48EDEE2B03A91A000BBFCD /* MeasurementApp.swift in Sources */ = {isa = PBXBuildFile; fileRef = 9E48EDED2B03A91A000BBFCD /* MeasurementApp.swift */; };
		9E48EDF02B03A91A000BBFCD /* ContentView.swift in Sources */ = {isa = PBXBuildFile; fileRef = 9E48EDEF2B03A91A000BBFCD /* ContentView.swift */; };
		9E48EDF22B03A91B000BBFCD /* Assets.xcassets in Resources */ = {isa = PBXBuildFile; fileRef = 9E48EDF12B03A91B000BBFCD /* Assets.xcassets */; };
		9E48EDF52B03A91B000BBFCD /* Preview Assets.xcassets in Resources */ = {isa = PBXBuildFile; fileRef = 9E48EDF42B03A91B000BBFCD /* Preview Assets.xcassets */; };
		9E9D03312B03CE6100D67408 /* LengthView.swift in Sources */ = {isa = PBXBuildFile; fileRef = 9E9D03302B03CE6100D67408 /* LengthView.swift */; };
		9E9D03332B03CF4F00D67408 /* TemperatureView.swift in Sources */ = {isa = PBXBuildFile; fileRef = 9E9D03322B03CF4F00D67408 /* TemperatureView.swift */; };
		9E9D03352B03D7AC00D67408 /* VolumeView.swift in Sources */ = {isa = PBXBuildFile; fileRef = 9E9D03342B03D7AC00D67408 /* VolumeView.swift */; };
		9E9D03372B03D98C00D67408 /* TimeView.swift in Sources */ = {isa = PBXBuildFile; fileRef = 9E9D03362B03D98C00D67408 /* TimeView.swift */; };
		9EA279DB2B0405B3008CF0D7 /* UnitDurationExtension.swift in Sources */ = {isa = PBXBuildFile; fileRef = 9EA279DA2B0405B3008CF0D7 /* UnitDurationExtension.swift */; };
/* End PBXBuildFile section */

/* Begin PBXFileReference section */
		9E48EDEA2B03A91A000BBFCD /* Measurement.app */ = {isa = PBXFileReference; explicitFileType = wrapper.application; includeInIndex = 0; path = Measurement.app; sourceTree = BUILT_PRODUCTS_DIR; };
		9E48EDED2B03A91A000BBFCD /* MeasurementApp.swift */ = {isa = PBXFileReference; lastKnownFileType = sourcecode.swift; path = MeasurementApp.swift; sourceTree = "<group>"; };
		9E48EDEF2B03A91A000BBFCD /* ContentView.swift */ = {isa = PBXFileReference; lastKnownFileType = sourcecode.swift; path = ContentView.swift; sourceTree = "<group>"; };
		9E48EDF12B03A91B000BBFCD /* Assets.xcassets */ = {isa = PBXFileReference; lastKnownFileType = folder.assetcatalog; path = Assets.xcassets; sourceTree = "<group>"; };
		9E48EDF42B03A91B000BBFCD /* Preview Assets.xcassets */ = {isa = PBXFileReference; lastKnownFileType = folder.assetcatalog; path = "Preview Assets.xcassets"; sourceTree = "<group>"; };
		9E9D03302B03CE6100D67408 /* LengthView.swift */ = {isa = PBXFileReference; lastKnownFileType = sourcecode.swift; path = LengthView.swift; sourceTree = "<group>"; };
		9E9D03322B03CF4F00D67408 /* TemperatureView.swift */ = {isa = PBXFileReference; lastKnownFileType = sourcecode.swift; path = TemperatureView.swift; sourceTree = "<group>"; };
		9E9D03342B03D7AC00D67408 /* VolumeView.swift */ = {isa = PBXFileReference; lastKnownFileType = sourcecode.swift; path = VolumeView.swift; sourceTree = "<group>"; };
		9E9D03362B03D98C00D67408 /* TimeView.swift */ = {isa = PBXFileReference; lastKnownFileType = sourcecode.swift; path = TimeView.swift; sourceTree = "<group>"; };
		9EA279DA2B0405B3008CF0D7 /* UnitDurationExtension.swift */ = {isa = PBXFileReference; lastKnownFileType = sourcecode.swift; path = UnitDurationExtension.swift; sourceTree = "<group>"; };
/* End PBXFileReference section */

/* Begin PBXFrameworksBuildPhase section */
		9E48EDE72B03A91A000BBFCD /* Frameworks */ = {
			isa = PBXFrameworksBuildPhase;
			buildActionMask = 2147483647;
			files = (
			);
			runOnlyForDeploymentPostprocessing = 0;
		};
/* End PBXFrameworksBuildPhase section */

/* Begin PBXGroup section */
		9E48EDE12B03A91A000BBFCD = {
			isa = PBXGroup;
			children = (
				9E48EDEC2B03A91A000BBFCD /* Measurement */,
				9E48EDEB2B03A91A000BBFCD /* Products */,
			);
			sourceTree = "<group>";
		};
		9E48EDEB2B03A91A000BBFCD /* Products */ = {
			isa = PBXGroup;
			children = (
				9E48EDEA2B03A91A000BBFCD /* Measurement.app */,
			);
			name = Products;
			sourceTree = "<group>";
		};
		9E48EDEC2B03A91A000BBFCD /* Measurement */ = {
			isa = PBXGroup;
			children = (
				9E48EDED2B03A91A000BBFCD /* MeasurementApp.swift */,
				9E48EDEF2B03A91A000BBFCD /* ContentView.swift */,
				9E9D03362B03D98C00D67408 /* TimeView.swift */,
				9E9D03342B03D7AC00D67408 /* VolumeView.swift */,
				9E9D03322B03CF4F00D67408 /* TemperatureView.swift */,
				9E9D03302B03CE6100D67408 /* LengthView.swift */,
				9EA279DA2B0405B3008CF0D7 /* UnitDurationExtension.swift */,
				9E48EDF12B03A91B000BBFCD /* Assets.xcassets */,
				9E48EDF32B03A91B000BBFCD /* Preview Content */,
			);
			path = Measurement;
			sourceTree = "<group>";
		};
		9E48EDF32B03A91B000BBFCD /* Preview Content */ = {
			isa = PBXGroup;
			children = (
				9E48EDF42B03A91B000BBFCD /* Preview Assets.xcassets */,
			);
			path = "Preview Content";
			sourceTree = "<group>";
		};
/* End PBXGroup section */

/* Begin PBXNativeTarget section */
		9E48EDE92B03A91A000BBFCD /* Measurement */ = {
			isa = PBXNativeTarget;
			buildConfigurationList = 9E48EDF82B03A91B000BBFCD /* Build configuration list for PBXNativeTarget "Measurement" */;
			buildPhases = (
				9E48EDE62B03A91A000BBFCD /* Sources */,
				9E48EDE72B03A91A000BBFCD /* Frameworks */,
				9E48EDE82B03A91A000BBFCD /* Resources */,
			);
			buildRules = (
			);
			dependencies = (
			);
			name = Measurement;
			productName = Measurement;
			productReference = 9E48EDEA2B03A91A000BBFCD /* Measurement.app */;
			productType = "com.apple.product-type.application";
		};
/* End PBXNativeTarget section */

/* Begin PBXProject section */
		9E48EDE22B03A91A000BBFCD /* Project object */ = {
			isa = PBXProject;
			attributes = {
				BuildIndependentTargetsInParallel = 1;
				LastSwiftUpdateCheck = 1500;
				LastUpgradeCheck = 1500;
				TargetAttributes = {
					9E48EDE92B03A91A000BBFCD = {
						CreatedOnToolsVersion = 15.0.1;
					};
				};
			};
			buildConfigurationList = 9E48EDE52B03A91A000BBFCD /* Build configuration list for PBXProject "Measurement" */;
			compatibilityVersion = "Xcode 14.0";
			developmentRegion = en;
			hasScannedForEncodings = 0;
			knownRegions = (
				en,
				Base,
			);
			mainGroup = 9E48EDE12B03A91A000BBFCD;
			productRefGroup = 9E48EDEB2B03A91A000BBFCD /* Products */;
			projectDirPath = "";
			projectRoot = "";
			targets = (
				9E48EDE92B03A91A000BBFCD /* Measurement */,
			);
		};
/* End PBXProject section */

/* Begin PBXResourcesBuildPhase section */
		9E48EDE82B03A91A000BBFCD /* Resources */ = {
			isa = PBXResourcesBuildPhase;
			buildActionMask = 2147483647;
			files = (
				9E48EDF52B03A91B000BBFCD /* Preview Assets.xcassets in Resources */,
				9E48EDF22B03A91B000BBFCD /* Assets.xcassets in Resources */,
			);
			runOnlyForDeploymentPostprocessing = 0;
		};
/* End PBXResourcesBuildPhase section */

/* Begin PBXSourcesBuildPhase section */
		9E48EDE62B03A91A000BBFCD /* Sources */ = {
			isa = PBXSourcesBuildPhase;
			buildActionMask = 2147483647;
			files = (
				9E48EDF02B03A91A000BBFCD /* ContentView.swift in Sources */,
				9E9D03332B03CF4F00D67408 /* TemperatureView.swift in Sources */,
				9E9D03352B03D7AC00D67408 /* VolumeView.swift in Sources */,
				9EA279DB2B0405B3008CF0D7 /* UnitDurationExtension.swift in Sources */,
				9E48EDEE2B03A91A000BBFCD /* MeasurementApp.swift in Sources */,
				9E9D03312B03CE6100D67408 /* LengthView.swift in Sources */,
				9E9D03372B03D98C00D67408 /* TimeView.swift in Sources */,
			);
			runOnlyForDeploymentPostprocessing = 0;
		};
/* End PBXSourcesBuildPhase section */

/* Begin XCBuildConfiguration section */
		9E48EDF62B03A91B000BBFCD /* Debug */ = {
			isa = XCBuildConfiguration;
			buildSettings = {
				ALWAYS_SEARCH_USER_PATHS = NO;
				ASSETCATALOG_COMPILER_GENERATE_SWIFT_ASSET_SYMBOL_EXTENSIONS = YES;
				CLANG_ANALYZER_NONNULL = YES;
				CLANG_ANALYZER_NUMBER_OBJECT_CONVERSION = YES_AGGRESSIVE;
				CLANG_CXX_LANGUAGE_STANDARD = "gnu++20";
				CLANG_ENABLE_MODULES = YES;
				CLANG_ENABLE_OBJC_ARC = YES;
				CLANG_ENABLE_OBJC_WEAK = YES;
				CLANG_WARN_BLOCK_CAPTURE_AUTORELEASING = YES;
				CLANG_WARN_BOOL_CONVERSION = YES;
				CLANG_WARN_COMMA = YES;
				CLANG_WARN_CONSTANT_CONVERSION = YES;
				CLANG_WARN_DEPRECATED_OBJC_IMPLEMENTATIONS = YES;
				CLANG_WARN_DIRECT_OBJC_ISA_USAGE = YES_ERROR;
				CLANG_WARN_DOCUMENTATION_COMMENTS = YES;
				CLANG_WARN_EMPTY_BODY = YES;
				CLANG_WARN_ENUM_CONVERSION = YES;
				CLANG_WARN_INFINITE_RECURSION = YES;
				CLANG_WARN_INT_CONVERSION = YES;
				CLANG_WARN_NON_LITERAL_NULL_CONVERSION = YES;
				CLANG_WARN_OBJC_IMPLICIT_RETAIN_SELF = YES;
				CLANG_WARN_OBJC_LITERAL_CONVERSION = YES;
				CLANG_WARN_OBJC_ROOT_CLASS = YES_ERROR;
				CLANG_WARN_QUOTED_INCLUDE_IN_FRAMEWORK_HEADER = YES;
				CLANG_WARN_RANGE_LOOP_ANALYSIS = YES;
				CLANG_WARN_STRICT_PROTOTYPES = YES;
				CLANG_WARN_SUSPICIOUS_MOVE = YES;
				CLANG_WARN_UNGUARDED_AVAILABILITY = YES_AGGRESSIVE;
				CLANG_WARN_UNREACHABLE_CODE = YES;
				CLANG_WARN__DUPLICATE_METHOD_MATCH = YES;
				COPY_PHASE_STRIP = NO;
				DEBUG_INFORMATION_FORMAT = dwarf;
				ENABLE_STRICT_OBJC_MSGSEND = YES;
				ENABLE_TESTABILITY = YES;
				ENABLE_USER_SCRIPT_SANDBOXING = YES;
				GCC_C_LANGUAGE_STANDARD = gnu17;
				GCC_DYNAMIC_NO_PIC = NO;
				GCC_NO_COMMON_BLOCKS = YES;
				GCC_OPTIMIZATION_LEVEL = 0;
				GCC_PREPROCESSOR_DEFINITIONS = (
					"DEBUG=1",
					"$(inherited)",
				);
				GCC_WARN_64_TO_32_BIT_CONVERSION = YES;
				GCC_WARN_ABOUT_RETURN_TYPE = YES_ERROR;
				GCC_WARN_UNDECLARED_SELECTOR = YES;
				GCC_WARN_UNINITIALIZED_AUTOS = YES_AGGRESSIVE;
				GCC_WARN_UNUSED_FUNCTION = YES;
				GCC_WARN_UNUSED_VARIABLE = YES;
				IPHONEOS_DEPLOYMENT_TARGET = 17.0;
				LOCALIZATION_PREFERS_STRING_CATALOGS = YES;
				MTL_ENABLE_DEBUG_INFO = INCLUDE_SOURCE;
				MTL_FAST_MATH = YES;
				ONLY_ACTIVE_ARCH = YES;
				SDKROOT = iphoneos;
				SWIFT_ACTIVE_COMPILATION_CONDITIONS = "DEBUG $(inherited)";
				SWIFT_OPTIMIZATION_LEVEL = "-Onone";
			};
			name = Debug;
		};
		9E48EDF72B03A91B000BBFCD /* Release */ = {
			isa = XCBuildConfiguration;
			buildSettings = {
				ALWAYS_SEARCH_USER_PATHS = NO;
				ASSETCATALOG_COMPILER_GENERATE_SWIFT_ASSET_SYMBOL_EXTENSIONS = YES;
				CLANG_ANALYZER_NONNULL = YES;
				CLANG_ANALYZER_NUMBER_OBJECT_CONVERSION = YES_AGGRESSIVE;
				CLANG_CXX_LANGUAGE_STANDARD = "gnu++20";
				CLANG_ENABLE_MODULES = YES;
				CLANG_ENABLE_OBJC_ARC = YES;
				CLANG_ENABLE_OBJC_WEAK = YES;
				CLANG_WARN_BLOCK_CAPTURE_AUTORELEASING = YES;
				CLANG_WARN_BOOL_CONVERSION = YES;
				CLANG_WARN_COMMA = YES;
				CLANG_WARN_CONSTANT_CONVERSION = YES;
				CLANG_WARN_DEPRECATED_OBJC_IMPLEMENTATIONS = YES;
				CLANG_WARN_DIRECT_OBJC_ISA_USAGE = YES_ERROR;
				CLANG_WARN_DOCUMENTATION_COMMENTS = YES;
				CLANG_WARN_EMPTY_BODY = YES;
				CLANG_WARN_ENUM_CONVERSION = YES;
				CLANG_WARN_INFINITE_RECURSION = YES;
				CLANG_WARN_INT_CONVERSION = YES;
				CLANG_WARN_NON_LITERAL_NULL_CONVERSION = YES;
				CLANG_WARN_OBJC_IMPLICIT_RETAIN_SELF = YES;
				CLANG_WARN_OBJC_LITERAL_CONVERSION = YES;
				CLANG_WARN_OBJC_ROOT_CLASS = YES_ERROR;
				CLANG_WARN_QUOTED_INCLUDE_IN_FRAMEWORK_HEADER = YES;
				CLANG_WARN_RANGE_LOOP_ANALYSIS = YES;
				CLANG_WARN_STRICT_PROTOTYPES = YES;
				CLANG_WARN_SUSPICIOUS_MOVE = YES;
				CLANG_WARN_UNGUARDED_AVAILABILITY = YES_AGGRESSIVE;
				CLANG_WARN_UNREACHABLE_CODE = YES;
				CLANG_WARN__DUPLICATE_METHOD_MATCH = YES;
				COPY_PHASE_STRIP = NO;
				DEBUG_INFORMATION_FORMAT = "dwarf-with-dsym";
				ENABLE_NS_ASSERTIONS = NO;
				ENABLE_STRICT_OBJC_MSGSEND = YES;
				ENABLE_USER_SCRIPT_SANDBOXING = YES;
				GCC_C_LANGUAGE_STANDARD = gnu17;
				GCC_NO_COMMON_BLOCKS = YES;
				GCC_WARN_64_TO_32_BIT_CONVERSION = YES;
				GCC_WARN_ABOUT_RETURN_TYPE = YES_ERROR;
				GCC_WARN_UNDECLARED_SELECTOR = YES;
				GCC_WARN_UNINITIALIZED_AUTOS = YES_AGGRESSIVE;
				GCC_WARN_UNUSED_FUNCTION = YES;
				GCC_WARN_UNUSED_VARIABLE = YES;
				IPHONEOS_DEPLOYMENT_TARGET = 17.0;
				LOCALIZATION_PREFERS_STRING_CATALOGS = YES;
				MTL_ENABLE_DEBUG_INFO = NO;
				MTL_FAST_MATH = YES;
				SDKROOT = iphoneos;
				SWIFT_COMPILATION_MODE = wholemodule;
				VALIDATE_PRODUCT = YES;
			};
			name = Release;
		};
		9E48EDF92B03A91B000BBFCD /* Debug */ = {
			isa = XCBuildConfiguration;
			buildSettings = {
				ASSETCATALOG_COMPILER_APPICON_NAME = AppIcon;
				ASSETCATALOG_COMPILER_GLOBAL_ACCENT_COLOR_NAME = AccentColor;
				CODE_SIGN_STYLE = Automatic;
				CURRENT_PROJECT_VERSION = 1;
				DEVELOPMENT_ASSET_PATHS = "\"Measurement/Preview Content\"";
				DEVELOPMENT_TEAM = 3D4DRXPTLN;
				ENABLE_PREVIEWS = YES;
				GENERATE_INFOPLIST_FILE = YES;
				INFOPLIST_KEY_UIApplicationSceneManifest_Generation = YES;
				INFOPLIST_KEY_UIApplicationSupportsIndirectInputEvents = YES;
				INFOPLIST_KEY_UILaunchScreen_Generation = YES;
				INFOPLIST_KEY_UISupportedInterfaceOrientations_iPad = "UIInterfaceOrientationPortrait UIInterfaceOrientationPortraitUpsideDown UIInterfaceOrientationLandscapeLeft UIInterfaceOrientationLandscapeRight";
				INFOPLIST_KEY_UISupportedInterfaceOrientations_iPhone = "UIInterfaceOrientationPortrait UIInterfaceOrientationLandscapeLeft UIInterfaceOrientationLandscapeRight";
				LD_RUNPATH_SEARCH_PATHS = (
					"$(inherited)",
					"@executable_path/Frameworks",
				);
				MARKETING_VERSION = 1.0;
				PRODUCT_BUNDLE_IDENTIFIER = chailloleau.damien.Measurement;
				PRODUCT_NAME = "$(TARGET_NAME)";
				SWIFT_EMIT_LOC_STRINGS = YES;
				SWIFT_VERSION = 5.0;
				TARGETED_DEVICE_FAMILY = "1,2";
			};
			name = Debug;
		};
		9E48EDFA2B03A91B000BBFCD /* Release */ = {
			isa = XCBuildConfiguration;
			buildSettings = {
				ASSETCATALOG_COMPILER_APPICON_NAME = AppIcon;
				ASSETCATALOG_COMPILER_GLOBAL_ACCENT_COLOR_NAME = AccentColor;
				CODE_SIGN_STYLE = Automatic;
				CURRENT_PROJECT_VERSION = 1;
				DEVELOPMENT_ASSET_PATHS = "\"Measurement/Preview Content\"";
				DEVELOPMENT_TEAM = 3D4DRXPTLN;
				ENABLE_PREVIEWS = YES;
				GENERATE_INFOPLIST_FILE = YES;
				INFOPLIST_KEY_UIApplicationSceneManifest_Generation = YES;
				INFOPLIST_KEY_UIApplicationSupportsIndirectInputEvents = YES;
				INFOPLIST_KEY_UILaunchScreen_Generation = YES;
				INFOPLIST_KEY_UISupportedInterfaceOrientations_iPad = "UIInterfaceOrientationPortrait UIInterfaceOrientationPortraitUpsideDown UIInterfaceOrientationLandscapeLeft UIInterfaceOrientationLandscapeRight";
				INFOPLIST_KEY_UISupportedInterfaceOrientations_iPhone = "UIInterfaceOrientationPortrait UIInterfaceOrientationLandscapeLeft UIInterfaceOrientationLandscapeRight";
				LD_RUNPATH_SEARCH_PATHS = (
					"$(inherited)",
					"@executable_path/Frameworks",
				);
				MARKETING_VERSION = 1.0;
				PRODUCT_BUNDLE_IDENTIFIER = chailloleau.damien.Measurement;
				PRODUCT_NAME = "$(TARGET_NAME)";
				SWIFT_EMIT_LOC_STRINGS = YES;
				SWIFT_VERSION = 5.0;
				TARGETED_DEVICE_FAMILY = "1,2";
			};
			name = Release;
		};
/* End XCBuildConfiguration section */

/* Begin XCConfigurationList section */
		9E48EDE52B03A91A000BBFCD /* Build configuration list for PBXProject "Measurement" */ = {
			isa = XCConfigurationList;
			buildConfigurations = (
				9E48EDF62B03A91B000BBFCD /* Debug */,
				9E48EDF72B03A91B000BBFCD /* Release */,
			);
			defaultConfigurationIsVisible = 0;
			defaultConfigurationName = Release;
		};
		9E48EDF82B03A91B000BBFCD /* Build configuration list for PBXNativeTarget "Measurement" */ = {
			isa = XCConfigurationList;
			buildConfigurations = (
				9E48EDF92B03A91B000BBFCD /* Debug */,
				9E48EDFA2B03A91B000BBFCD /* Release */,
			);
			defaultConfigurationIsVisible = 0;
			defaultConfigurationName = Release;
		};
/* End XCConfigurationList section */
	};
	rootObject = 9E48EDE22B03A91A000BBFCD /* Project object */;
}
